
Microsoft Visual Studio Solution File, Format Version 12.00
# Visual Studio Version 16
VisualStudioVersion = 16.0.28606.126
MinimumVisualStudioVersion = 10.0.40219.1
Project("{2150E333-8FDC-42A3-9474-1A3956D46DE8}") = "Solution Items", "Solution Items", "{06355497-E45D-4B37-B091-0CBE18F2FB9E}"
	ProjectSection(SolutionItems) = preProject
		.editorconfig = .editorconfig
		.gitattributes = .gitattributes
		.gitignore = .gitignore
		.gitmodules = .gitmodules
		AllRules.ruleset = AllRules.ruleset
		Directory.Build.props = Directory.Build.props
		Directory.Meta.props = Directory.Meta.props
		Directory.Version.props = Directory.Version.props
		LICENSE = LICENSE
	EndProjectSection
EndProject
Project("{2150E333-8FDC-42A3-9474-1A3956D46DE8}") = "test", "test", "{EDD16AA7-79C3-4ED0-9C44-F6752A0178F9}"
EndProject
Project("{9A19103F-16F7-4668-BE54-9A1E7A4F7556}") = "THNETII.WinApi.Native.Test", "test\THNETII.WinApi.Native.Test\THNETII.WinApi.Native.Test.csproj", "{59926E15-197C-4DC0-B02A-48315FB86414}"
EndProject
Project("{2150E333-8FDC-42A3-9474-1A3956D46DE8}") = "src", "src", "{9689DB3E-1ED7-478C-AC14-C734B0397619}"
EndProject
Project("{9A19103F-16F7-4668-BE54-9A1E7A4F7556}") = "THNETII.WinApi.Test", "test\THNETII.WinApi.Test\THNETII.WinApi.Test.csproj", "{6D04F686-6767-4C96-BC59-9973E0942F5A}"
EndProject
Project("{2150E333-8FDC-42A3-9474-1A3956D46DE8}") = "interopservices", "interopservices", "{48EA1FE5-A25B-4532-983C-7A3113909DCD}"
EndProject
Project("{2150E333-8FDC-42A3-9474-1A3956D46DE8}") = "src-native-c", "src-native-c", "{1F71513E-3EB1-4748-ACAE-A986C31815C7}"
EndProject
Project("{8BC9CEB8-8B4A-11D0-8D11-00A0C91BC942}") = "THNETII.WinApi.Sample.Native", "src-native-c\THNETII.WinApi.Sample.Native\THNETII.WinApi.Sample.Native.vcxproj", "{8362F92D-FD1A-42CC-A0DA-FB328CE040ED}"
EndProject
Project("{9A19103F-16F7-4668-BE54-9A1E7A4F7556}") = "THNETII.InteropServices.Bitwise", "interopservices\src\THNETII.InteropServices.Bitwise\THNETII.InteropServices.Bitwise.csproj", "{FAA43E79-F6F4-4AB3-86C1-E359F9EB6C3D}"
EndProject
Project("{2150E333-8FDC-42A3-9474-1A3956D46DE8}") = "src", "src", "{53F2B150-6C08-41EE-B731-E58AAB465F69}"
EndProject
Project("{9A19103F-16F7-4668-BE54-9A1E7A4F7556}") = "THNETII.WinApi.Headers.WinUser", "src\THNETII.WinApi.Headers.WinUser\THNETII.WinApi.Headers.WinUser.csproj", "{AE6B848B-95D8-4CB3-8007-33A30E173984}"
EndProject
Project("{9A19103F-16F7-4668-BE54-9A1E7A4F7556}") = "THNETII.WinApi.Headers.WinNT", "src\THNETII.WinApi.Headers.WinNT\THNETII.WinApi.Headers.WinNT.csproj", "{F8AE0EA9-BEC3-4C18-ACE8-B3C0B362515D}"
EndProject
Project("{9A19103F-16F7-4668-BE54-9A1E7A4F7556}") = "THNETII.WinApi.Constants.SdkVer", "src\THNETII.WinApi.Constants.SdkVer\THNETII.WinApi.Constants.SdkVer.csproj", "{4D4833A6-5753-4BDC-8A97-4C57146E4DA6}"
EndProject
Project("{9A19103F-16F7-4668-BE54-9A1E7A4F7556}") = "THNETII.WinApi.Constants.WinError", "src\THNETII.WinApi.Constants.WinError\THNETII.WinApi.Constants.WinError.csproj", "{2F1BBA2B-C70F-40A4-99D0-1C80643841BF}"
EndProject
Project("{9A19103F-16F7-4668-BE54-9A1E7A4F7556}") = "THNETII.WinApi.Constants.NTStatus", "src\THNETII.WinApi.Constants.NTStatus\THNETII.WinApi.Constants.NTStatus.csproj", "{78439960-AC6C-4AB5-A8A1-87EAF7AC2EFB}"
EndProject
Project("{2150E333-8FDC-42A3-9474-1A3956D46DE8}") = "src-shared", "src-shared", "{5C3583C6-8F66-4903-B181-71C3DF1C704E}"
EndProject
Project("{9A19103F-16F7-4668-BE54-9A1E7A4F7556}") = "THNETII.WinApi.ErrorCodes", "src-shared\THNETII.WinApi.ErrorCodes\THNETII.WinApi.ErrorCodes.csproj", "{95CA70DD-2E7C-4E50-81F3-BA502267973F}"
EndProject
Project("{9A19103F-16F7-4668-BE54-9A1E7A4F7556}") = "THNETII.WinApi.NativeLibraryNames", "src-shared\THNETII.WinApi.NativeLibraryNames\THNETII.WinApi.NativeLibraryNames.csproj", "{7BA7CF9C-F731-4B54-A82D-916085FFF95D}"
EndProject
Project("{9A19103F-16F7-4668-BE54-9A1E7A4F7556}") = "THNETII.WinApi.Headers.WinBase", "src\THNETII.WinApi.Headers.WinBase\THNETII.WinApi.Headers.WinBase.csproj", "{E0BDD363-DE42-47B7-900F-7EB06479264C}"
EndProject
Project("{9A19103F-16F7-4668-BE54-9A1E7A4F7556}") = "THNETII.WinApi.Headers.MinWinDef", "src\THNETII.WinApi.Headers.MinWinDef\THNETII.WinApi.Headers.MinWinDef.csproj", "{AD216C9D-C682-412B-8684-5165E5CCD281}"
EndProject
Project("{9A19103F-16F7-4668-BE54-9A1E7A4F7556}") = "THNETII.WinApi.Headers.UtilApiset", "src\THNETII.WinApi.Headers.UtilApiset\THNETII.WinApi.Headers.UtilApiset.csproj", "{5F975897-A924-45EE-B716-6145ABD52639}"
EndProject
Project("{9A19103F-16F7-4668-BE54-9A1E7A4F7556}") = "THNETII.WinApi.Headers.ErrHandlingApi", "src\THNETII.WinApi.Headers.ErrHandlingApi\THNETII.WinApi.Headers.ErrHandlingApi.csproj", "{934FCCF5-7888-4995-8E36-CBB0CB0202CC}"
EndProject
Project("{9A19103F-16F7-4668-BE54-9A1E7A4F7556}") = "THNETII.WinApi.Headers.MinWinBase", "src\THNETII.WinApi.Headers.MinWinBase\THNETII.WinApi.Headers.MinWinBase.csproj", "{E52CA607-6455-4604-AC4C-738ED8F16F41}"
EndProject
Project("{9A19103F-16F7-4668-BE54-9A1E7A4F7556}") = "THNETII.WinApi.Constants.WinNT", "src\THNETII.WinApi.Constants.WinNT\THNETII.WinApi.Constants.WinNT.csproj", "{563313DE-299D-4C2A-AE87-4067BED88C7C}"
EndProject
Project("{FAE04EC0-301F-11D3-BF4B-00C04F79EFBC}") = "THNETII.WinApi.Headers.HandleApi", "src\THNETII.WinApi.Headers.HandleApi\THNETII.WinApi.Headers.HandleApi.csproj", "{1BD3BEDE-9A21-47AA-B2EB-4331A572120D}"
EndProject
Project("{FAE04EC0-301F-11D3-BF4B-00C04F79EFBC}") = "THNETII.WinApi.WindowsDataTypes", "src-shared\THNETII.WinApi.WindowsDataTypes\THNETII.WinApi.WindowsDataTypes.csproj", "{9F564495-BDC2-4A37-8297-8E19F1F9095B}"
EndProject
Project("{FAE04EC0-301F-11D3-BF4B-00C04F79EFBC}") = "THNETII.WinApi.Headers.Excpt", "src\THNETII.WinApi.Headers.Excpt\THNETII.WinApi.Headers.Excpt.csproj", "{C57FD53B-19BE-461B-A8E4-798C8AB40EB0}"
EndProject
Project("{FAE04EC0-301F-11D3-BF4B-00C04F79EFBC}") = "THNETII.WinApi.Constants.WinBase", "src\THNETII.WinApi.Constants.WinBase\THNETII.WinApi.Constants.WinBase.csproj", "{0B8FFD4D-1AE2-43ED-A534-91ED9DDA3917}"
EndProject
Project("{FAE04EC0-301F-11D3-BF4B-00C04F79EFBC}") = "THNETII.InteropServices.Memory", "interopservices\src\THNETII.InteropServices.Memory\THNETII.InteropServices.Memory.csproj", "{E42DB0EC-329A-4659-BC8C-C821832C1DAF}"
EndProject
Global
	GlobalSection(SolutionConfigurationPlatforms) = preSolution
		Debug|Any CPU = Debug|Any CPU
		Debug|x64 = Debug|x64
		Debug|x86 = Debug|x86
		Release|Any CPU = Release|Any CPU
		Release|x64 = Release|x64
		Release|x86 = Release|x86
	EndGlobalSection
	GlobalSection(ProjectConfigurationPlatforms) = postSolution
		{59926E15-197C-4DC0-B02A-48315FB86414}.Debug|Any CPU.ActiveCfg = Debug|Any CPU
		{59926E15-197C-4DC0-B02A-48315FB86414}.Debug|Any CPU.Build.0 = Debug|Any CPU
		{59926E15-197C-4DC0-B02A-48315FB86414}.Debug|x64.ActiveCfg = Debug|Any CPU
		{59926E15-197C-4DC0-B02A-48315FB86414}.Debug|x64.Build.0 = Debug|Any CPU
		{59926E15-197C-4DC0-B02A-48315FB86414}.Debug|x86.ActiveCfg = Debug|Any CPU
		{59926E15-197C-4DC0-B02A-48315FB86414}.Debug|x86.Build.0 = Debug|Any CPU
		{59926E15-197C-4DC0-B02A-48315FB86414}.Release|Any CPU.ActiveCfg = Release|Any CPU
		{59926E15-197C-4DC0-B02A-48315FB86414}.Release|Any CPU.Build.0 = Release|Any CPU
		{59926E15-197C-4DC0-B02A-48315FB86414}.Release|x64.ActiveCfg = Release|Any CPU
		{59926E15-197C-4DC0-B02A-48315FB86414}.Release|x64.Build.0 = Release|Any CPU
		{59926E15-197C-4DC0-B02A-48315FB86414}.Release|x86.ActiveCfg = Release|Any CPU
		{59926E15-197C-4DC0-B02A-48315FB86414}.Release|x86.Build.0 = Release|Any CPU
		{6D04F686-6767-4C96-BC59-9973E0942F5A}.Debug|Any CPU.ActiveCfg = Debug|Any CPU
		{6D04F686-6767-4C96-BC59-9973E0942F5A}.Debug|Any CPU.Build.0 = Debug|Any CPU
		{6D04F686-6767-4C96-BC59-9973E0942F5A}.Debug|x64.ActiveCfg = Debug|Any CPU
		{6D04F686-6767-4C96-BC59-9973E0942F5A}.Debug|x64.Build.0 = Debug|Any CPU
		{6D04F686-6767-4C96-BC59-9973E0942F5A}.Debug|x86.ActiveCfg = Debug|Any CPU
		{6D04F686-6767-4C96-BC59-9973E0942F5A}.Debug|x86.Build.0 = Debug|Any CPU
		{6D04F686-6767-4C96-BC59-9973E0942F5A}.Release|Any CPU.ActiveCfg = Release|Any CPU
		{6D04F686-6767-4C96-BC59-9973E0942F5A}.Release|Any CPU.Build.0 = Release|Any CPU
		{6D04F686-6767-4C96-BC59-9973E0942F5A}.Release|x64.ActiveCfg = Release|Any CPU
		{6D04F686-6767-4C96-BC59-9973E0942F5A}.Release|x64.Build.0 = Release|Any CPU
		{6D04F686-6767-4C96-BC59-9973E0942F5A}.Release|x86.ActiveCfg = Release|Any CPU
		{6D04F686-6767-4C96-BC59-9973E0942F5A}.Release|x86.Build.0 = Release|Any CPU
		{8362F92D-FD1A-42CC-A0DA-FB328CE040ED}.Debug|Any CPU.ActiveCfg = Debug|Win32
		{8362F92D-FD1A-42CC-A0DA-FB328CE040ED}.Debug|Any CPU.Build.0 = Debug|Win32
		{8362F92D-FD1A-42CC-A0DA-FB328CE040ED}.Debug|x64.ActiveCfg = Debug|x64
		{8362F92D-FD1A-42CC-A0DA-FB328CE040ED}.Debug|x64.Build.0 = Debug|x64
		{8362F92D-FD1A-42CC-A0DA-FB328CE040ED}.Debug|x86.ActiveCfg = Debug|Win32
		{8362F92D-FD1A-42CC-A0DA-FB328CE040ED}.Debug|x86.Build.0 = Debug|Win32
		{8362F92D-FD1A-42CC-A0DA-FB328CE040ED}.Release|Any CPU.ActiveCfg = Release|Win32
		{8362F92D-FD1A-42CC-A0DA-FB328CE040ED}.Release|Any CPU.Build.0 = Release|Win32
		{8362F92D-FD1A-42CC-A0DA-FB328CE040ED}.Release|x64.ActiveCfg = Release|x64
		{8362F92D-FD1A-42CC-A0DA-FB328CE040ED}.Release|x64.Build.0 = Release|x64
		{8362F92D-FD1A-42CC-A0DA-FB328CE040ED}.Release|x86.ActiveCfg = Release|Win32
		{8362F92D-FD1A-42CC-A0DA-FB328CE040ED}.Release|x86.Build.0 = Release|Win32
		{FAA43E79-F6F4-4AB3-86C1-E359F9EB6C3D}.Debug|Any CPU.ActiveCfg = Debug|Any CPU
		{FAA43E79-F6F4-4AB3-86C1-E359F9EB6C3D}.Debug|Any CPU.Build.0 = Debug|Any CPU
		{FAA43E79-F6F4-4AB3-86C1-E359F9EB6C3D}.Debug|x64.ActiveCfg = Debug|Any CPU
		{FAA43E79-F6F4-4AB3-86C1-E359F9EB6C3D}.Debug|x64.Build.0 = Debug|Any CPU
		{FAA43E79-F6F4-4AB3-86C1-E359F9EB6C3D}.Debug|x86.ActiveCfg = Debug|Any CPU
		{FAA43E79-F6F4-4AB3-86C1-E359F9EB6C3D}.Debug|x86.Build.0 = Debug|Any CPU
		{FAA43E79-F6F4-4AB3-86C1-E359F9EB6C3D}.Release|Any CPU.ActiveCfg = Release|Any CPU
		{FAA43E79-F6F4-4AB3-86C1-E359F9EB6C3D}.Release|Any CPU.Build.0 = Release|Any CPU
		{FAA43E79-F6F4-4AB3-86C1-E359F9EB6C3D}.Release|x64.ActiveCfg = Release|Any CPU
		{FAA43E79-F6F4-4AB3-86C1-E359F9EB6C3D}.Release|x64.Build.0 = Release|Any CPU
		{FAA43E79-F6F4-4AB3-86C1-E359F9EB6C3D}.Release|x86.ActiveCfg = Release|Any CPU
		{FAA43E79-F6F4-4AB3-86C1-E359F9EB6C3D}.Release|x86.Build.0 = Release|Any CPU
		{AE6B848B-95D8-4CB3-8007-33A30E173984}.Debug|Any CPU.ActiveCfg = Debug|Any CPU
		{AE6B848B-95D8-4CB3-8007-33A30E173984}.Debug|Any CPU.Build.0 = Debug|Any CPU
		{AE6B848B-95D8-4CB3-8007-33A30E173984}.Debug|x64.ActiveCfg = Debug|Any CPU
		{AE6B848B-95D8-4CB3-8007-33A30E173984}.Debug|x64.Build.0 = Debug|Any CPU
		{AE6B848B-95D8-4CB3-8007-33A30E173984}.Debug|x86.ActiveCfg = Debug|Any CPU
		{AE6B848B-95D8-4CB3-8007-33A30E173984}.Debug|x86.Build.0 = Debug|Any CPU
		{AE6B848B-95D8-4CB3-8007-33A30E173984}.Release|Any CPU.ActiveCfg = Release|Any CPU
		{AE6B848B-95D8-4CB3-8007-33A30E173984}.Release|Any CPU.Build.0 = Release|Any CPU
		{AE6B848B-95D8-4CB3-8007-33A30E173984}.Release|x64.ActiveCfg = Release|Any CPU
		{AE6B848B-95D8-4CB3-8007-33A30E173984}.Release|x64.Build.0 = Release|Any CPU
		{AE6B848B-95D8-4CB3-8007-33A30E173984}.Release|x86.ActiveCfg = Release|Any CPU
		{AE6B848B-95D8-4CB3-8007-33A30E173984}.Release|x86.Build.0 = Release|Any CPU
		{F8AE0EA9-BEC3-4C18-ACE8-B3C0B362515D}.Debug|Any CPU.ActiveCfg = Debug|Any CPU
		{F8AE0EA9-BEC3-4C18-ACE8-B3C0B362515D}.Debug|Any CPU.Build.0 = Debug|Any CPU
		{F8AE0EA9-BEC3-4C18-ACE8-B3C0B362515D}.Debug|x64.ActiveCfg = Debug|Any CPU
		{F8AE0EA9-BEC3-4C18-ACE8-B3C0B362515D}.Debug|x64.Build.0 = Debug|Any CPU
		{F8AE0EA9-BEC3-4C18-ACE8-B3C0B362515D}.Debug|x86.ActiveCfg = Debug|Any CPU
		{F8AE0EA9-BEC3-4C18-ACE8-B3C0B362515D}.Debug|x86.Build.0 = Debug|Any CPU
		{F8AE0EA9-BEC3-4C18-ACE8-B3C0B362515D}.Release|Any CPU.ActiveCfg = Release|Any CPU
		{F8AE0EA9-BEC3-4C18-ACE8-B3C0B362515D}.Release|Any CPU.Build.0 = Release|Any CPU
		{F8AE0EA9-BEC3-4C18-ACE8-B3C0B362515D}.Release|x64.ActiveCfg = Release|Any CPU
		{F8AE0EA9-BEC3-4C18-ACE8-B3C0B362515D}.Release|x64.Build.0 = Release|Any CPU
		{F8AE0EA9-BEC3-4C18-ACE8-B3C0B362515D}.Release|x86.ActiveCfg = Release|Any CPU
		{F8AE0EA9-BEC3-4C18-ACE8-B3C0B362515D}.Release|x86.Build.0 = Release|Any CPU
		{4D4833A6-5753-4BDC-8A97-4C57146E4DA6}.Debug|Any CPU.ActiveCfg = Debug|Any CPU
		{4D4833A6-5753-4BDC-8A97-4C57146E4DA6}.Debug|Any CPU.Build.0 = Debug|Any CPU
		{4D4833A6-5753-4BDC-8A97-4C57146E4DA6}.Debug|x64.ActiveCfg = Debug|Any CPU
		{4D4833A6-5753-4BDC-8A97-4C57146E4DA6}.Debug|x64.Build.0 = Debug|Any CPU
		{4D4833A6-5753-4BDC-8A97-4C57146E4DA6}.Debug|x86.ActiveCfg = Debug|Any CPU
		{4D4833A6-5753-4BDC-8A97-4C57146E4DA6}.Debug|x86.Build.0 = Debug|Any CPU
		{4D4833A6-5753-4BDC-8A97-4C57146E4DA6}.Release|Any CPU.ActiveCfg = Release|Any CPU
		{4D4833A6-5753-4BDC-8A97-4C57146E4DA6}.Release|Any CPU.Build.0 = Release|Any CPU
		{4D4833A6-5753-4BDC-8A97-4C57146E4DA6}.Release|x64.ActiveCfg = Release|Any CPU
		{4D4833A6-5753-4BDC-8A97-4C57146E4DA6}.Release|x64.Build.0 = Release|Any CPU
		{4D4833A6-5753-4BDC-8A97-4C57146E4DA6}.Release|x86.ActiveCfg = Release|Any CPU
		{4D4833A6-5753-4BDC-8A97-4C57146E4DA6}.Release|x86.Build.0 = Release|Any CPU
		{2F1BBA2B-C70F-40A4-99D0-1C80643841BF}.Debug|Any CPU.ActiveCfg = Debug|Any CPU
		{2F1BBA2B-C70F-40A4-99D0-1C80643841BF}.Debug|Any CPU.Build.0 = Debug|Any CPU
		{2F1BBA2B-C70F-40A4-99D0-1C80643841BF}.Debug|x64.ActiveCfg = Debug|Any CPU
		{2F1BBA2B-C70F-40A4-99D0-1C80643841BF}.Debug|x64.Build.0 = Debug|Any CPU
		{2F1BBA2B-C70F-40A4-99D0-1C80643841BF}.Debug|x86.ActiveCfg = Debug|Any CPU
		{2F1BBA2B-C70F-40A4-99D0-1C80643841BF}.Debug|x86.Build.0 = Debug|Any CPU
		{2F1BBA2B-C70F-40A4-99D0-1C80643841BF}.Release|Any CPU.ActiveCfg = Release|Any CPU
		{2F1BBA2B-C70F-40A4-99D0-1C80643841BF}.Release|Any CPU.Build.0 = Release|Any CPU
		{2F1BBA2B-C70F-40A4-99D0-1C80643841BF}.Release|x64.ActiveCfg = Release|Any CPU
		{2F1BBA2B-C70F-40A4-99D0-1C80643841BF}.Release|x64.Build.0 = Release|Any CPU
		{2F1BBA2B-C70F-40A4-99D0-1C80643841BF}.Release|x86.ActiveCfg = Release|Any CPU
		{2F1BBA2B-C70F-40A4-99D0-1C80643841BF}.Release|x86.Build.0 = Release|Any CPU
		{78439960-AC6C-4AB5-A8A1-87EAF7AC2EFB}.Debug|Any CPU.ActiveCfg = Debug|Any CPU
		{78439960-AC6C-4AB5-A8A1-87EAF7AC2EFB}.Debug|Any CPU.Build.0 = Debug|Any CPU
		{78439960-AC6C-4AB5-A8A1-87EAF7AC2EFB}.Debug|x64.ActiveCfg = Debug|Any CPU
		{78439960-AC6C-4AB5-A8A1-87EAF7AC2EFB}.Debug|x64.Build.0 = Debug|Any CPU
		{78439960-AC6C-4AB5-A8A1-87EAF7AC2EFB}.Debug|x86.ActiveCfg = Debug|Any CPU
		{78439960-AC6C-4AB5-A8A1-87EAF7AC2EFB}.Debug|x86.Build.0 = Debug|Any CPU
		{78439960-AC6C-4AB5-A8A1-87EAF7AC2EFB}.Release|Any CPU.ActiveCfg = Release|Any CPU
		{78439960-AC6C-4AB5-A8A1-87EAF7AC2EFB}.Release|Any CPU.Build.0 = Release|Any CPU
		{78439960-AC6C-4AB5-A8A1-87EAF7AC2EFB}.Release|x64.ActiveCfg = Release|Any CPU
		{78439960-AC6C-4AB5-A8A1-87EAF7AC2EFB}.Release|x64.Build.0 = Release|Any CPU
		{78439960-AC6C-4AB5-A8A1-87EAF7AC2EFB}.Release|x86.ActiveCfg = Release|Any CPU
		{78439960-AC6C-4AB5-A8A1-87EAF7AC2EFB}.Release|x86.Build.0 = Release|Any CPU
		{95CA70DD-2E7C-4E50-81F3-BA502267973F}.Debug|Any CPU.ActiveCfg = Debug|Any CPU
		{95CA70DD-2E7C-4E50-81F3-BA502267973F}.Debug|Any CPU.Build.0 = Debug|Any CPU
		{95CA70DD-2E7C-4E50-81F3-BA502267973F}.Debug|x64.ActiveCfg = Debug|Any CPU
		{95CA70DD-2E7C-4E50-81F3-BA502267973F}.Debug|x64.Build.0 = Debug|Any CPU
		{95CA70DD-2E7C-4E50-81F3-BA502267973F}.Debug|x86.ActiveCfg = Debug|Any CPU
		{95CA70DD-2E7C-4E50-81F3-BA502267973F}.Debug|x86.Build.0 = Debug|Any CPU
		{95CA70DD-2E7C-4E50-81F3-BA502267973F}.Release|Any CPU.ActiveCfg = Release|Any CPU
		{95CA70DD-2E7C-4E50-81F3-BA502267973F}.Release|Any CPU.Build.0 = Release|Any CPU
		{95CA70DD-2E7C-4E50-81F3-BA502267973F}.Release|x64.ActiveCfg = Release|Any CPU
		{95CA70DD-2E7C-4E50-81F3-BA502267973F}.Release|x64.Build.0 = Release|Any CPU
		{95CA70DD-2E7C-4E50-81F3-BA502267973F}.Release|x86.ActiveCfg = Release|Any CPU
		{95CA70DD-2E7C-4E50-81F3-BA502267973F}.Release|x86.Build.0 = Release|Any CPU
		{7BA7CF9C-F731-4B54-A82D-916085FFF95D}.Debug|Any CPU.ActiveCfg = Debug|Any CPU
		{7BA7CF9C-F731-4B54-A82D-916085FFF95D}.Debug|Any CPU.Build.0 = Debug|Any CPU
		{7BA7CF9C-F731-4B54-A82D-916085FFF95D}.Debug|x64.ActiveCfg = Debug|Any CPU
		{7BA7CF9C-F731-4B54-A82D-916085FFF95D}.Debug|x64.Build.0 = Debug|Any CPU
		{7BA7CF9C-F731-4B54-A82D-916085FFF95D}.Debug|x86.ActiveCfg = Debug|Any CPU
		{7BA7CF9C-F731-4B54-A82D-916085FFF95D}.Debug|x86.Build.0 = Debug|Any CPU
		{7BA7CF9C-F731-4B54-A82D-916085FFF95D}.Release|Any CPU.ActiveCfg = Release|Any CPU
		{7BA7CF9C-F731-4B54-A82D-916085FFF95D}.Release|Any CPU.Build.0 = Release|Any CPU
		{7BA7CF9C-F731-4B54-A82D-916085FFF95D}.Release|x64.ActiveCfg = Release|Any CPU
		{7BA7CF9C-F731-4B54-A82D-916085FFF95D}.Release|x64.Build.0 = Release|Any CPU
		{7BA7CF9C-F731-4B54-A82D-916085FFF95D}.Release|x86.ActiveCfg = Release|Any CPU
		{7BA7CF9C-F731-4B54-A82D-916085FFF95D}.Release|x86.Build.0 = Release|Any CPU
		{E0BDD363-DE42-47B7-900F-7EB06479264C}.Debug|Any CPU.ActiveCfg = Debug|Any CPU
		{E0BDD363-DE42-47B7-900F-7EB06479264C}.Debug|Any CPU.Build.0 = Debug|Any CPU
		{E0BDD363-DE42-47B7-900F-7EB06479264C}.Debug|x64.ActiveCfg = Debug|Any CPU
		{E0BDD363-DE42-47B7-900F-7EB06479264C}.Debug|x64.Build.0 = Debug|Any CPU
		{E0BDD363-DE42-47B7-900F-7EB06479264C}.Debug|x86.ActiveCfg = Debug|Any CPU
		{E0BDD363-DE42-47B7-900F-7EB06479264C}.Debug|x86.Build.0 = Debug|Any CPU
		{E0BDD363-DE42-47B7-900F-7EB06479264C}.Release|Any CPU.ActiveCfg = Release|Any CPU
		{E0BDD363-DE42-47B7-900F-7EB06479264C}.Release|Any CPU.Build.0 = Release|Any CPU
		{E0BDD363-DE42-47B7-900F-7EB06479264C}.Release|x64.ActiveCfg = Release|Any CPU
		{E0BDD363-DE42-47B7-900F-7EB06479264C}.Release|x64.Build.0 = Release|Any CPU
		{E0BDD363-DE42-47B7-900F-7EB06479264C}.Release|x86.ActiveCfg = Release|Any CPU
		{E0BDD363-DE42-47B7-900F-7EB06479264C}.Release|x86.Build.0 = Release|Any CPU
		{AD216C9D-C682-412B-8684-5165E5CCD281}.Debug|Any CPU.ActiveCfg = Debug|Any CPU
		{AD216C9D-C682-412B-8684-5165E5CCD281}.Debug|Any CPU.Build.0 = Debug|Any CPU
		{AD216C9D-C682-412B-8684-5165E5CCD281}.Debug|x64.ActiveCfg = Debug|Any CPU
		{AD216C9D-C682-412B-8684-5165E5CCD281}.Debug|x64.Build.0 = Debug|Any CPU
		{AD216C9D-C682-412B-8684-5165E5CCD281}.Debug|x86.ActiveCfg = Debug|Any CPU
		{AD216C9D-C682-412B-8684-5165E5CCD281}.Debug|x86.Build.0 = Debug|Any CPU
		{AD216C9D-C682-412B-8684-5165E5CCD281}.Release|Any CPU.ActiveCfg = Release|Any CPU
		{AD216C9D-C682-412B-8684-5165E5CCD281}.Release|Any CPU.Build.0 = Release|Any CPU
		{AD216C9D-C682-412B-8684-5165E5CCD281}.Release|x64.ActiveCfg = Release|Any CPU
		{AD216C9D-C682-412B-8684-5165E5CCD281}.Release|x64.Build.0 = Release|Any CPU
		{AD216C9D-C682-412B-8684-5165E5CCD281}.Release|x86.ActiveCfg = Release|Any CPU
		{AD216C9D-C682-412B-8684-5165E5CCD281}.Release|x86.Build.0 = Release|Any CPU
		{5F975897-A924-45EE-B716-6145ABD52639}.Debug|Any CPU.ActiveCfg = Debug|Any CPU
		{5F975897-A924-45EE-B716-6145ABD52639}.Debug|Any CPU.Build.0 = Debug|Any CPU
		{5F975897-A924-45EE-B716-6145ABD52639}.Debug|x64.ActiveCfg = Debug|Any CPU
		{5F975897-A924-45EE-B716-6145ABD52639}.Debug|x64.Build.0 = Debug|Any CPU
		{5F975897-A924-45EE-B716-6145ABD52639}.Debug|x86.ActiveCfg = Debug|Any CPU
		{5F975897-A924-45EE-B716-6145ABD52639}.Debug|x86.Build.0 = Debug|Any CPU
		{5F975897-A924-45EE-B716-6145ABD52639}.Release|Any CPU.ActiveCfg = Release|Any CPU
		{5F975897-A924-45EE-B716-6145ABD52639}.Release|Any CPU.Build.0 = Release|Any CPU
		{5F975897-A924-45EE-B716-6145ABD52639}.Release|x64.ActiveCfg = Release|Any CPU
		{5F975897-A924-45EE-B716-6145ABD52639}.Release|x64.Build.0 = Release|Any CPU
		{5F975897-A924-45EE-B716-6145ABD52639}.Release|x86.ActiveCfg = Release|Any CPU
		{5F975897-A924-45EE-B716-6145ABD52639}.Release|x86.Build.0 = Release|Any CPU
		{934FCCF5-7888-4995-8E36-CBB0CB0202CC}.Debug|Any CPU.ActiveCfg = Debug|Any CPU
		{934FCCF5-7888-4995-8E36-CBB0CB0202CC}.Debug|Any CPU.Build.0 = Debug|Any CPU
		{934FCCF5-7888-4995-8E36-CBB0CB0202CC}.Debug|x64.ActiveCfg = Debug|Any CPU
		{934FCCF5-7888-4995-8E36-CBB0CB0202CC}.Debug|x64.Build.0 = Debug|Any CPU
		{934FCCF5-7888-4995-8E36-CBB0CB0202CC}.Debug|x86.ActiveCfg = Debug|Any CPU
		{934FCCF5-7888-4995-8E36-CBB0CB0202CC}.Debug|x86.Build.0 = Debug|Any CPU
		{934FCCF5-7888-4995-8E36-CBB0CB0202CC}.Release|Any CPU.ActiveCfg = Release|Any CPU
		{934FCCF5-7888-4995-8E36-CBB0CB0202CC}.Release|Any CPU.Build.0 = Release|Any CPU
		{934FCCF5-7888-4995-8E36-CBB0CB0202CC}.Release|x64.ActiveCfg = Release|Any CPU
		{934FCCF5-7888-4995-8E36-CBB0CB0202CC}.Release|x64.Build.0 = Release|Any CPU
		{934FCCF5-7888-4995-8E36-CBB0CB0202CC}.Release|x86.ActiveCfg = Release|Any CPU
		{934FCCF5-7888-4995-8E36-CBB0CB0202CC}.Release|x86.Build.0 = Release|Any CPU
		{E52CA607-6455-4604-AC4C-738ED8F16F41}.Debug|Any CPU.ActiveCfg = Debug|Any CPU
		{E52CA607-6455-4604-AC4C-738ED8F16F41}.Debug|Any CPU.Build.0 = Debug|Any CPU
		{E52CA607-6455-4604-AC4C-738ED8F16F41}.Debug|x64.ActiveCfg = Debug|Any CPU
		{E52CA607-6455-4604-AC4C-738ED8F16F41}.Debug|x64.Build.0 = Debug|Any CPU
		{E52CA607-6455-4604-AC4C-738ED8F16F41}.Debug|x86.ActiveCfg = Debug|Any CPU
		{E52CA607-6455-4604-AC4C-738ED8F16F41}.Debug|x86.Build.0 = Debug|Any CPU
		{E52CA607-6455-4604-AC4C-738ED8F16F41}.Release|Any CPU.ActiveCfg = Release|Any CPU
		{E52CA607-6455-4604-AC4C-738ED8F16F41}.Release|Any CPU.Build.0 = Release|Any CPU
		{E52CA607-6455-4604-AC4C-738ED8F16F41}.Release|x64.ActiveCfg = Release|Any CPU
		{E52CA607-6455-4604-AC4C-738ED8F16F41}.Release|x64.Build.0 = Release|Any CPU
		{E52CA607-6455-4604-AC4C-738ED8F16F41}.Release|x86.ActiveCfg = Release|Any CPU
		{E52CA607-6455-4604-AC4C-738ED8F16F41}.Release|x86.Build.0 = Release|Any CPU
		{563313DE-299D-4C2A-AE87-4067BED88C7C}.Debug|Any CPU.ActiveCfg = Debug|Any CPU
		{563313DE-299D-4C2A-AE87-4067BED88C7C}.Debug|Any CPU.Build.0 = Debug|Any CPU
		{563313DE-299D-4C2A-AE87-4067BED88C7C}.Debug|x64.ActiveCfg = Debug|Any CPU
		{563313DE-299D-4C2A-AE87-4067BED88C7C}.Debug|x64.Build.0 = Debug|Any CPU
		{563313DE-299D-4C2A-AE87-4067BED88C7C}.Debug|x86.ActiveCfg = Debug|Any CPU
		{563313DE-299D-4C2A-AE87-4067BED88C7C}.Debug|x86.Build.0 = Debug|Any CPU
		{563313DE-299D-4C2A-AE87-4067BED88C7C}.Release|Any CPU.ActiveCfg = Release|Any CPU
		{563313DE-299D-4C2A-AE87-4067BED88C7C}.Release|Any CPU.Build.0 = Release|Any CPU
		{563313DE-299D-4C2A-AE87-4067BED88C7C}.Release|x64.ActiveCfg = Release|Any CPU
		{563313DE-299D-4C2A-AE87-4067BED88C7C}.Release|x64.Build.0 = Release|Any CPU
		{563313DE-299D-4C2A-AE87-4067BED88C7C}.Release|x86.ActiveCfg = Release|Any CPU
		{563313DE-299D-4C2A-AE87-4067BED88C7C}.Release|x86.Build.0 = Release|Any CPU
		{1BD3BEDE-9A21-47AA-B2EB-4331A572120D}.Debug|Any CPU.ActiveCfg = Debug|Any CPU
		{1BD3BEDE-9A21-47AA-B2EB-4331A572120D}.Debug|Any CPU.Build.0 = Debug|Any CPU
		{1BD3BEDE-9A21-47AA-B2EB-4331A572120D}.Debug|x64.ActiveCfg = Debug|Any CPU
		{1BD3BEDE-9A21-47AA-B2EB-4331A572120D}.Debug|x64.Build.0 = Debug|Any CPU
		{1BD3BEDE-9A21-47AA-B2EB-4331A572120D}.Debug|x86.ActiveCfg = Debug|Any CPU
		{1BD3BEDE-9A21-47AA-B2EB-4331A572120D}.Debug|x86.Build.0 = Debug|Any CPU
		{1BD3BEDE-9A21-47AA-B2EB-4331A572120D}.Release|Any CPU.ActiveCfg = Release|Any CPU
		{1BD3BEDE-9A21-47AA-B2EB-4331A572120D}.Release|Any CPU.Build.0 = Release|Any CPU
		{1BD3BEDE-9A21-47AA-B2EB-4331A572120D}.Release|x64.ActiveCfg = Release|Any CPU
		{1BD3BEDE-9A21-47AA-B2EB-4331A572120D}.Release|x64.Build.0 = Release|Any CPU
		{1BD3BEDE-9A21-47AA-B2EB-4331A572120D}.Release|x86.ActiveCfg = Release|Any CPU
		{1BD3BEDE-9A21-47AA-B2EB-4331A572120D}.Release|x86.Build.0 = Release|Any CPU
		{9F564495-BDC2-4A37-8297-8E19F1F9095B}.Debug|Any CPU.ActiveCfg = Debug|Any CPU
		{9F564495-BDC2-4A37-8297-8E19F1F9095B}.Debug|Any CPU.Build.0 = Debug|Any CPU
		{9F564495-BDC2-4A37-8297-8E19F1F9095B}.Debug|x64.ActiveCfg = Debug|Any CPU
		{9F564495-BDC2-4A37-8297-8E19F1F9095B}.Debug|x64.Build.0 = Debug|Any CPU
		{9F564495-BDC2-4A37-8297-8E19F1F9095B}.Debug|x86.ActiveCfg = Debug|Any CPU
		{9F564495-BDC2-4A37-8297-8E19F1F9095B}.Debug|x86.Build.0 = Debug|Any CPU
		{9F564495-BDC2-4A37-8297-8E19F1F9095B}.Release|Any CPU.ActiveCfg = Release|Any CPU
		{9F564495-BDC2-4A37-8297-8E19F1F9095B}.Release|Any CPU.Build.0 = Release|Any CPU
		{9F564495-BDC2-4A37-8297-8E19F1F9095B}.Release|x64.ActiveCfg = Release|Any CPU
		{9F564495-BDC2-4A37-8297-8E19F1F9095B}.Release|x64.Build.0 = Release|Any CPU
		{9F564495-BDC2-4A37-8297-8E19F1F9095B}.Release|x86.ActiveCfg = Release|Any CPU
		{9F564495-BDC2-4A37-8297-8E19F1F9095B}.Release|x86.Build.0 = Release|Any CPU
		{C57FD53B-19BE-461B-A8E4-798C8AB40EB0}.Debug|Any CPU.ActiveCfg = Debug|Any CPU
		{C57FD53B-19BE-461B-A8E4-798C8AB40EB0}.Debug|Any CPU.Build.0 = Debug|Any CPU
		{C57FD53B-19BE-461B-A8E4-798C8AB40EB0}.Debug|x64.ActiveCfg = Debug|Any CPU
		{C57FD53B-19BE-461B-A8E4-798C8AB40EB0}.Debug|x64.Build.0 = Debug|Any CPU
		{C57FD53B-19BE-461B-A8E4-798C8AB40EB0}.Debug|x86.ActiveCfg = Debug|Any CPU
		{C57FD53B-19BE-461B-A8E4-798C8AB40EB0}.Debug|x86.Build.0 = Debug|Any CPU
		{C57FD53B-19BE-461B-A8E4-798C8AB40EB0}.Release|Any CPU.ActiveCfg = Release|Any CPU
		{C57FD53B-19BE-461B-A8E4-798C8AB40EB0}.Release|Any CPU.Build.0 = Release|Any CPU
		{C57FD53B-19BE-461B-A8E4-798C8AB40EB0}.Release|x64.ActiveCfg = Release|Any CPU
		{C57FD53B-19BE-461B-A8E4-798C8AB40EB0}.Release|x64.Build.0 = Release|Any CPU
		{C57FD53B-19BE-461B-A8E4-798C8AB40EB0}.Release|x86.ActiveCfg = Release|Any CPU
		{C57FD53B-19BE-461B-A8E4-798C8AB40EB0}.Release|x86.Build.0 = Release|Any CPU
		{0B8FFD4D-1AE2-43ED-A534-91ED9DDA3917}.Debug|Any CPU.ActiveCfg = Debug|Any CPU
		{0B8FFD4D-1AE2-43ED-A534-91ED9DDA3917}.Debug|Any CPU.Build.0 = Debug|Any CPU
		{0B8FFD4D-1AE2-43ED-A534-91ED9DDA3917}.Debug|x64.ActiveCfg = Debug|Any CPU
		{0B8FFD4D-1AE2-43ED-A534-91ED9DDA3917}.Debug|x64.Build.0 = Debug|Any CPU
		{0B8FFD4D-1AE2-43ED-A534-91ED9DDA3917}.Debug|x86.ActiveCfg = Debug|Any CPU
		{0B8FFD4D-1AE2-43ED-A534-91ED9DDA3917}.Debug|x86.Build.0 = Debug|Any CPU
		{0B8FFD4D-1AE2-43ED-A534-91ED9DDA3917}.Release|Any CPU.ActiveCfg = Release|Any CPU
		{0B8FFD4D-1AE2-43ED-A534-91ED9DDA3917}.Release|Any CPU.Build.0 = Release|Any CPU
		{0B8FFD4D-1AE2-43ED-A534-91ED9DDA3917}.Release|x64.ActiveCfg = Release|Any CPU
		{0B8FFD4D-1AE2-43ED-A534-91ED9DDA3917}.Release|x64.Build.0 = Release|Any CPU
		{0B8FFD4D-1AE2-43ED-A534-91ED9DDA3917}.Release|x86.ActiveCfg = Release|Any CPU
		{0B8FFD4D-1AE2-43ED-A534-91ED9DDA3917}.Release|x86.Build.0 = Release|Any CPU
		{E42DB0EC-329A-4659-BC8C-C821832C1DAF}.Debug|Any CPU.ActiveCfg = Debug|Any CPU
		{E42DB0EC-329A-4659-BC8C-C821832C1DAF}.Debug|Any CPU.Build.0 = Debug|Any CPU
		{E42DB0EC-329A-4659-BC8C-C821832C1DAF}.Debug|x64.ActiveCfg = Debug|Any CPU
		{E42DB0EC-329A-4659-BC8C-C821832C1DAF}.Debug|x64.Build.0 = Debug|Any CPU
		{E42DB0EC-329A-4659-BC8C-C821832C1DAF}.Debug|x86.ActiveCfg = Debug|Any CPU
		{E42DB0EC-329A-4659-BC8C-C821832C1DAF}.Debug|x86.Build.0 = Debug|Any CPU
		{E42DB0EC-329A-4659-BC8C-C821832C1DAF}.Release|Any CPU.ActiveCfg = Release|Any CPU
		{E42DB0EC-329A-4659-BC8C-C821832C1DAF}.Release|Any CPU.Build.0 = Release|Any CPU
		{E42DB0EC-329A-4659-BC8C-C821832C1DAF}.Release|x64.ActiveCfg = Release|Any CPU
		{E42DB0EC-329A-4659-BC8C-C821832C1DAF}.Release|x64.Build.0 = Release|Any CPU
		{E42DB0EC-329A-4659-BC8C-C821832C1DAF}.Release|x86.ActiveCfg = Release|Any CPU
		{E42DB0EC-329A-4659-BC8C-C821832C1DAF}.Release|x86.Build.0 = Release|Any CPU
	EndGlobalSection
	GlobalSection(SolutionProperties) = preSolution
		HideSolutionNode = FALSE
	EndGlobalSection
	GlobalSection(NestedProjects) = preSolution
		{59926E15-197C-4DC0-B02A-48315FB86414} = {EDD16AA7-79C3-4ED0-9C44-F6752A0178F9}
		{6D04F686-6767-4C96-BC59-9973E0942F5A} = {EDD16AA7-79C3-4ED0-9C44-F6752A0178F9}
		{8362F92D-FD1A-42CC-A0DA-FB328CE040ED} = {1F71513E-3EB1-4748-ACAE-A986C31815C7}
		{FAA43E79-F6F4-4AB3-86C1-E359F9EB6C3D} = {53F2B150-6C08-41EE-B731-E58AAB465F69}
		{53F2B150-6C08-41EE-B731-E58AAB465F69} = {48EA1FE5-A25B-4532-983C-7A3113909DCD}
		{AE6B848B-95D8-4CB3-8007-33A30E173984} = {9689DB3E-1ED7-478C-AC14-C734B0397619}
		{F8AE0EA9-BEC3-4C18-ACE8-B3C0B362515D} = {9689DB3E-1ED7-478C-AC14-C734B0397619}
		{4D4833A6-5753-4BDC-8A97-4C57146E4DA6} = {9689DB3E-1ED7-478C-AC14-C734B0397619}
		{2F1BBA2B-C70F-40A4-99D0-1C80643841BF} = {9689DB3E-1ED7-478C-AC14-C734B0397619}
		{78439960-AC6C-4AB5-A8A1-87EAF7AC2EFB} = {9689DB3E-1ED7-478C-AC14-C734B0397619}
		{95CA70DD-2E7C-4E50-81F3-BA502267973F} = {5C3583C6-8F66-4903-B181-71C3DF1C704E}
		{7BA7CF9C-F731-4B54-A82D-916085FFF95D} = {5C3583C6-8F66-4903-B181-71C3DF1C704E}
		{E0BDD363-DE42-47B7-900F-7EB06479264C} = {9689DB3E-1ED7-478C-AC14-C734B0397619}
		{AD216C9D-C682-412B-8684-5165E5CCD281} = {9689DB3E-1ED7-478C-AC14-C734B0397619}
		{5F975897-A924-45EE-B716-6145ABD52639} = {9689DB3E-1ED7-478C-AC14-C734B0397619}
		{934FCCF5-7888-4995-8E36-CBB0CB0202CC} = {9689DB3E-1ED7-478C-AC14-C734B0397619}
		{E52CA607-6455-4604-AC4C-738ED8F16F41} = {9689DB3E-1ED7-478C-AC14-C734B0397619}
		{563313DE-299D-4C2A-AE87-4067BED88C7C} = {9689DB3E-1ED7-478C-AC14-C734B0397619}
		{1BD3BEDE-9A21-47AA-B2EB-4331A572120D} = {9689DB3E-1ED7-478C-AC14-C734B0397619}
		{9F564495-BDC2-4A37-8297-8E19F1F9095B} = {5C3583C6-8F66-4903-B181-71C3DF1C704E}
		{C57FD53B-19BE-461B-A8E4-798C8AB40EB0} = {9689DB3E-1ED7-478C-AC14-C734B0397619}
		{0B8FFD4D-1AE2-43ED-A534-91ED9DDA3917} = {9689DB3E-1ED7-478C-AC14-C734B0397619}
		{E42DB0EC-329A-4659-BC8C-C821832C1DAF} = {53F2B150-6C08-41EE-B731-E58AAB465F69}
	EndGlobalSection
	GlobalSection(ExtensibilityGlobals) = postSolution
		SolutionGuid = {6EF7C9CF-E403-4B60-AB44-5F9FFEB668B7}
	EndGlobalSection
EndGlobal
