
Microsoft Visual Studio Solution File, Format Version 12.00
# Visual Studio 14
VisualStudioVersion = 14.0.25420.1
MinimumVisualStudioVersion = 10.0.40219.1
Project("{2150E333-8FDC-42A3-9474-1A3956D46DE8}") = "Solution Items", "Solution Items", "{06355497-E45D-4B37-B091-0CBE18F2FB9E}"
	ProjectSection(SolutionItems) = preProject
		.gitattributes = .gitattributes
		.gitignore = .gitignore
		.gitmodules = .gitmodules
		global.json = global.json
	EndProjectSection
EndProject
Project("{2150E333-8FDC-42A3-9474-1A3956D46DE8}") = "src", "src", "{6B6CD0B0-135D-4D31-8BFC-02B02C9D9AB5}"
EndProject
Project("{8BC9CEB8-8B4A-11D0-8D11-00A0C91BC942}") = "THNETII.WinApi.Sample.Native", "src\THNETII.WinApi.Sample.Native\THNETII.WinApi.Sample.Native.vcxproj", "{5A24339F-7CF0-4E33-A823-15C7B96BC50A}"
EndProject
Project("{FAE04EC0-301F-11D3-BF4B-00C04F79EFBC}") = "THNETII.WinApi.Native.ErrorHandling", "src\THNETII.WinApi.Native.ErrorHandling\THNETII.WinApi.Native.ErrorHandling.csproj", "{1F45D1AA-B995-4D22-BF51-27C63D83B2B2}"
EndProject
Project("{8BB2217D-0F2D-49D1-97BC-3654ED321F3B}") = "THNETII.WinApi.Native.ApplicationRecoveryRestart", "src\THNETII.WinApi.Native.ApplicationRecoveryRestart\THNETII.WinApi.Native.ApplicationRecoveryRestart.xproj", "{97B45BF5-3571-4BDC-8A49-EC27989D8982}"
EndProject
Project("{8BB2217D-0F2D-49D1-97BC-3654ED321F3B}") = "THNETII.WinApi.Native.DbgHelp", "src\THNETII.WinApi.Native.DbgHelp\THNETII.WinApi.Native.DbgHelp.xproj", "{EDA3A8B0-A1A4-4726-8851-D3B2D879E271}"
EndProject
Project("{8BB2217D-0F2D-49D1-97BC-3654ED321F3B}") = "THNETII.InteropServices.Bitfields", "thnetii-interopservices\src\THNETII.InteropServices.Bitfields\THNETII.InteropServices.Bitfields.xproj", "{69809461-DAA5-4016-890D-A34166ECCAF4}"
EndProject
Project("{8BB2217D-0F2D-49D1-97BC-3654ED321F3B}") = "THNETII.InteropServices.SafeHandles", "thnetii-interopservices\src\THNETII.InteropServices.SafeHandles\THNETII.InteropServices.SafeHandles.xproj", "{35ECCC19-6DC6-46DA-8D9F-9643DB55B5FC}"
EndProject
Project("{8BB2217D-0F2D-49D1-97BC-3654ED321F3B}") = "THNETII.InteropServices.NativeMemory", "thnetii-interopservices\src\THNETII.InteropServices.NativeMemory\THNETII.InteropServices.NativeMemory.xproj", "{964ABE01-811A-4292-94B6-815724BB0B82}"
EndProject
Project("{2150E333-8FDC-42A3-9474-1A3956D46DE8}") = "test", "test", "{EDD16AA7-79C3-4ED0-9C44-F6752A0178F9}"
EndProject
Project("{8BB2217D-0F2D-49D1-97BC-3654ED321F3B}") = "THNETII.InteropServices.Test", "thnetii-interopservices\test\THNETII.InteropServices.Test\THNETII.InteropServices.Test.xproj", "{AF4833CF-4EB4-4EF0-A08F-AFE934003B07}"
EndProject
Project("{8BB2217D-0F2D-49D1-97BC-3654ED321F3B}") = "THNETII.WinApi.Native.ImageHelp", "src\THNETII.WinApi.Native.ImageHelp\THNETII.WinApi.Native.ImageHelp.xproj", "{839ED373-4FF2-4CE6-86EF-2B7EEE63179C}"
EndProject
Global
	GlobalSection(SolutionConfigurationPlatforms) = preSolution
		Debug|Any CPU = Debug|Any CPU
		Debug|x64 = Debug|x64
		Debug|x86 = Debug|x86
		Release|Any CPU = Release|Any CPU
		Release|x64 = Release|x64
		Release|x86 = Release|x86
	EndGlobalSection
	GlobalSection(ProjectConfigurationPlatforms) = postSolution
		{5A24339F-7CF0-4E33-A823-15C7B96BC50A}.Debug|Any CPU.ActiveCfg = Debug|Win32
		{5A24339F-7CF0-4E33-A823-15C7B96BC50A}.Debug|x64.ActiveCfg = Debug|x64
		{5A24339F-7CF0-4E33-A823-15C7B96BC50A}.Debug|x64.Build.0 = Debug|x64
		{5A24339F-7CF0-4E33-A823-15C7B96BC50A}.Debug|x86.ActiveCfg = Debug|Win32
		{5A24339F-7CF0-4E33-A823-15C7B96BC50A}.Debug|x86.Build.0 = Debug|Win32
		{5A24339F-7CF0-4E33-A823-15C7B96BC50A}.Release|Any CPU.ActiveCfg = Release|Win32
		{5A24339F-7CF0-4E33-A823-15C7B96BC50A}.Release|x64.ActiveCfg = Release|x64
		{5A24339F-7CF0-4E33-A823-15C7B96BC50A}.Release|x64.Build.0 = Release|x64
		{5A24339F-7CF0-4E33-A823-15C7B96BC50A}.Release|x86.ActiveCfg = Release|Win32
		{5A24339F-7CF0-4E33-A823-15C7B96BC50A}.Release|x86.Build.0 = Release|Win32
		{1F45D1AA-B995-4D22-BF51-27C63D83B2B2}.Debug|Any CPU.ActiveCfg = Debug|Any CPU
		{1F45D1AA-B995-4D22-BF51-27C63D83B2B2}.Debug|Any CPU.Build.0 = Debug|Any CPU
		{1F45D1AA-B995-4D22-BF51-27C63D83B2B2}.Debug|x64.ActiveCfg = Debug|x64
		{1F45D1AA-B995-4D22-BF51-27C63D83B2B2}.Debug|x64.Build.0 = Debug|x64
		{1F45D1AA-B995-4D22-BF51-27C63D83B2B2}.Debug|x86.ActiveCfg = Debug|x86
		{1F45D1AA-B995-4D22-BF51-27C63D83B2B2}.Debug|x86.Build.0 = Debug|x86
		{1F45D1AA-B995-4D22-BF51-27C63D83B2B2}.Release|Any CPU.ActiveCfg = Release|Any CPU
		{1F45D1AA-B995-4D22-BF51-27C63D83B2B2}.Release|Any CPU.Build.0 = Release|Any CPU
		{1F45D1AA-B995-4D22-BF51-27C63D83B2B2}.Release|x64.ActiveCfg = Release|x64
		{1F45D1AA-B995-4D22-BF51-27C63D83B2B2}.Release|x64.Build.0 = Release|x64
		{1F45D1AA-B995-4D22-BF51-27C63D83B2B2}.Release|x86.ActiveCfg = Release|x86
		{1F45D1AA-B995-4D22-BF51-27C63D83B2B2}.Release|x86.Build.0 = Release|x86
		{97B45BF5-3571-4BDC-8A49-EC27989D8982}.Debug|Any CPU.ActiveCfg = Debug|Any CPU
		{97B45BF5-3571-4BDC-8A49-EC27989D8982}.Debug|Any CPU.Build.0 = Debug|Any CPU
		{97B45BF5-3571-4BDC-8A49-EC27989D8982}.Debug|x64.ActiveCfg = Debug|Any CPU
		{97B45BF5-3571-4BDC-8A49-EC27989D8982}.Debug|x64.Build.0 = Debug|Any CPU
		{97B45BF5-3571-4BDC-8A49-EC27989D8982}.Debug|x86.ActiveCfg = Debug|Any CPU
		{97B45BF5-3571-4BDC-8A49-EC27989D8982}.Debug|x86.Build.0 = Debug|Any CPU
		{97B45BF5-3571-4BDC-8A49-EC27989D8982}.Release|Any CPU.ActiveCfg = Release|Any CPU
		{97B45BF5-3571-4BDC-8A49-EC27989D8982}.Release|Any CPU.Build.0 = Release|Any CPU
		{97B45BF5-3571-4BDC-8A49-EC27989D8982}.Release|x64.ActiveCfg = Release|Any CPU
		{97B45BF5-3571-4BDC-8A49-EC27989D8982}.Release|x64.Build.0 = Release|Any CPU
		{97B45BF5-3571-4BDC-8A49-EC27989D8982}.Release|x86.ActiveCfg = Release|Any CPU
		{97B45BF5-3571-4BDC-8A49-EC27989D8982}.Release|x86.Build.0 = Release|Any CPU
		{EDA3A8B0-A1A4-4726-8851-D3B2D879E271}.Debug|Any CPU.ActiveCfg = Debug|Any CPU
		{EDA3A8B0-A1A4-4726-8851-D3B2D879E271}.Debug|Any CPU.Build.0 = Debug|Any CPU
		{EDA3A8B0-A1A4-4726-8851-D3B2D879E271}.Debug|x64.ActiveCfg = Debug|Any CPU
		{EDA3A8B0-A1A4-4726-8851-D3B2D879E271}.Debug|x64.Build.0 = Debug|Any CPU
		{EDA3A8B0-A1A4-4726-8851-D3B2D879E271}.Debug|x86.ActiveCfg = Debug|Any CPU
		{EDA3A8B0-A1A4-4726-8851-D3B2D879E271}.Debug|x86.Build.0 = Debug|Any CPU
		{EDA3A8B0-A1A4-4726-8851-D3B2D879E271}.Release|Any CPU.ActiveCfg = Release|Any CPU
		{EDA3A8B0-A1A4-4726-8851-D3B2D879E271}.Release|Any CPU.Build.0 = Release|Any CPU
		{EDA3A8B0-A1A4-4726-8851-D3B2D879E271}.Release|x64.ActiveCfg = Release|Any CPU
		{EDA3A8B0-A1A4-4726-8851-D3B2D879E271}.Release|x64.Build.0 = Release|Any CPU
		{EDA3A8B0-A1A4-4726-8851-D3B2D879E271}.Release|x86.ActiveCfg = Release|Any CPU
		{EDA3A8B0-A1A4-4726-8851-D3B2D879E271}.Release|x86.Build.0 = Release|Any CPU
		{69809461-DAA5-4016-890D-A34166ECCAF4}.Debug|Any CPU.ActiveCfg = Debug|Any CPU
		{69809461-DAA5-4016-890D-A34166ECCAF4}.Debug|Any CPU.Build.0 = Debug|Any CPU
		{69809461-DAA5-4016-890D-A34166ECCAF4}.Debug|x64.ActiveCfg = Debug|Any CPU
		{69809461-DAA5-4016-890D-A34166ECCAF4}.Debug|x64.Build.0 = Debug|Any CPU
		{69809461-DAA5-4016-890D-A34166ECCAF4}.Debug|x86.ActiveCfg = Debug|Any CPU
		{69809461-DAA5-4016-890D-A34166ECCAF4}.Debug|x86.Build.0 = Debug|Any CPU
		{69809461-DAA5-4016-890D-A34166ECCAF4}.Release|Any CPU.ActiveCfg = Release|Any CPU
		{69809461-DAA5-4016-890D-A34166ECCAF4}.Release|Any CPU.Build.0 = Release|Any CPU
		{69809461-DAA5-4016-890D-A34166ECCAF4}.Release|x64.ActiveCfg = Release|Any CPU
		{69809461-DAA5-4016-890D-A34166ECCAF4}.Release|x64.Build.0 = Release|Any CPU
		{69809461-DAA5-4016-890D-A34166ECCAF4}.Release|x86.ActiveCfg = Release|Any CPU
		{69809461-DAA5-4016-890D-A34166ECCAF4}.Release|x86.Build.0 = Release|Any CPU
		{35ECCC19-6DC6-46DA-8D9F-9643DB55B5FC}.Debug|Any CPU.ActiveCfg = Debug|Any CPU
		{35ECCC19-6DC6-46DA-8D9F-9643DB55B5FC}.Debug|Any CPU.Build.0 = Debug|Any CPU
		{35ECCC19-6DC6-46DA-8D9F-9643DB55B5FC}.Debug|x64.ActiveCfg = Debug|Any CPU
		{35ECCC19-6DC6-46DA-8D9F-9643DB55B5FC}.Debug|x64.Build.0 = Debug|Any CPU
		{35ECCC19-6DC6-46DA-8D9F-9643DB55B5FC}.Debug|x86.ActiveCfg = Debug|Any CPU
		{35ECCC19-6DC6-46DA-8D9F-9643DB55B5FC}.Debug|x86.Build.0 = Debug|Any CPU
		{35ECCC19-6DC6-46DA-8D9F-9643DB55B5FC}.Release|Any CPU.ActiveCfg = Release|Any CPU
		{35ECCC19-6DC6-46DA-8D9F-9643DB55B5FC}.Release|Any CPU.Build.0 = Release|Any CPU
		{35ECCC19-6DC6-46DA-8D9F-9643DB55B5FC}.Release|x64.ActiveCfg = Release|Any CPU
		{35ECCC19-6DC6-46DA-8D9F-9643DB55B5FC}.Release|x64.Build.0 = Release|Any CPU
		{35ECCC19-6DC6-46DA-8D9F-9643DB55B5FC}.Release|x86.ActiveCfg = Release|Any CPU
		{35ECCC19-6DC6-46DA-8D9F-9643DB55B5FC}.Release|x86.Build.0 = Release|Any CPU
		{964ABE01-811A-4292-94B6-815724BB0B82}.Debug|Any CPU.ActiveCfg = Debug|Any CPU
		{964ABE01-811A-4292-94B6-815724BB0B82}.Debug|Any CPU.Build.0 = Debug|Any CPU
		{964ABE01-811A-4292-94B6-815724BB0B82}.Debug|x64.ActiveCfg = Debug|Any CPU
		{964ABE01-811A-4292-94B6-815724BB0B82}.Debug|x64.Build.0 = Debug|Any CPU
		{964ABE01-811A-4292-94B6-815724BB0B82}.Debug|x86.ActiveCfg = Debug|Any CPU
		{964ABE01-811A-4292-94B6-815724BB0B82}.Debug|x86.Build.0 = Debug|Any CPU
		{964ABE01-811A-4292-94B6-815724BB0B82}.Release|Any CPU.ActiveCfg = Release|Any CPU
		{964ABE01-811A-4292-94B6-815724BB0B82}.Release|Any CPU.Build.0 = Release|Any CPU
		{964ABE01-811A-4292-94B6-815724BB0B82}.Release|x64.ActiveCfg = Release|Any CPU
		{964ABE01-811A-4292-94B6-815724BB0B82}.Release|x64.Build.0 = Release|Any CPU
		{964ABE01-811A-4292-94B6-815724BB0B82}.Release|x86.ActiveCfg = Release|Any CPU
		{964ABE01-811A-4292-94B6-815724BB0B82}.Release|x86.Build.0 = Release|Any CPU
		{AF4833CF-4EB4-4EF0-A08F-AFE934003B07}.Debug|Any CPU.ActiveCfg = Debug|Any CPU
		{AF4833CF-4EB4-4EF0-A08F-AFE934003B07}.Debug|Any CPU.Build.0 = Debug|Any CPU
		{AF4833CF-4EB4-4EF0-A08F-AFE934003B07}.Debug|x64.ActiveCfg = Debug|Any CPU
		{AF4833CF-4EB4-4EF0-A08F-AFE934003B07}.Debug|x64.Build.0 = Debug|Any CPU
		{AF4833CF-4EB4-4EF0-A08F-AFE934003B07}.Debug|x86.ActiveCfg = Debug|Any CPU
		{AF4833CF-4EB4-4EF0-A08F-AFE934003B07}.Debug|x86.Build.0 = Debug|Any CPU
		{AF4833CF-4EB4-4EF0-A08F-AFE934003B07}.Release|Any CPU.ActiveCfg = Release|Any CPU
		{AF4833CF-4EB4-4EF0-A08F-AFE934003B07}.Release|Any CPU.Build.0 = Release|Any CPU
		{AF4833CF-4EB4-4EF0-A08F-AFE934003B07}.Release|x64.ActiveCfg = Release|Any CPU
		{AF4833CF-4EB4-4EF0-A08F-AFE934003B07}.Release|x64.Build.0 = Release|Any CPU
		{AF4833CF-4EB4-4EF0-A08F-AFE934003B07}.Release|x86.ActiveCfg = Release|Any CPU
		{AF4833CF-4EB4-4EF0-A08F-AFE934003B07}.Release|x86.Build.0 = Release|Any CPU
		{839ED373-4FF2-4CE6-86EF-2B7EEE63179C}.Debug|Any CPU.ActiveCfg = Debug|Any CPU
		{839ED373-4FF2-4CE6-86EF-2B7EEE63179C}.Debug|Any CPU.Build.0 = Debug|Any CPU
		{839ED373-4FF2-4CE6-86EF-2B7EEE63179C}.Debug|x64.ActiveCfg = Debug|Any CPU
		{839ED373-4FF2-4CE6-86EF-2B7EEE63179C}.Debug|x64.Build.0 = Debug|Any CPU
		{839ED373-4FF2-4CE6-86EF-2B7EEE63179C}.Debug|x86.ActiveCfg = Debug|Any CPU
		{839ED373-4FF2-4CE6-86EF-2B7EEE63179C}.Debug|x86.Build.0 = Debug|Any CPU
		{839ED373-4FF2-4CE6-86EF-2B7EEE63179C}.Release|Any CPU.ActiveCfg = Release|Any CPU
		{839ED373-4FF2-4CE6-86EF-2B7EEE63179C}.Release|Any CPU.Build.0 = Release|Any CPU
		{839ED373-4FF2-4CE6-86EF-2B7EEE63179C}.Release|x64.ActiveCfg = Release|Any CPU
		{839ED373-4FF2-4CE6-86EF-2B7EEE63179C}.Release|x64.Build.0 = Release|Any CPU
		{839ED373-4FF2-4CE6-86EF-2B7EEE63179C}.Release|x86.ActiveCfg = Release|Any CPU
		{839ED373-4FF2-4CE6-86EF-2B7EEE63179C}.Release|x86.Build.0 = Release|Any CPU
	EndGlobalSection
	GlobalSection(SolutionProperties) = preSolution
		HideSolutionNode = FALSE
	EndGlobalSection
	GlobalSection(NestedProjects) = preSolution
		{5A24339F-7CF0-4E33-A823-15C7B96BC50A} = {6B6CD0B0-135D-4D31-8BFC-02B02C9D9AB5}
		{1F45D1AA-B995-4D22-BF51-27C63D83B2B2} = {6B6CD0B0-135D-4D31-8BFC-02B02C9D9AB5}
		{97B45BF5-3571-4BDC-8A49-EC27989D8982} = {6B6CD0B0-135D-4D31-8BFC-02B02C9D9AB5}
		{EDA3A8B0-A1A4-4726-8851-D3B2D879E271} = {6B6CD0B0-135D-4D31-8BFC-02B02C9D9AB5}
		{69809461-DAA5-4016-890D-A34166ECCAF4} = {6B6CD0B0-135D-4D31-8BFC-02B02C9D9AB5}
		{35ECCC19-6DC6-46DA-8D9F-9643DB55B5FC} = {6B6CD0B0-135D-4D31-8BFC-02B02C9D9AB5}
		{964ABE01-811A-4292-94B6-815724BB0B82} = {6B6CD0B0-135D-4D31-8BFC-02B02C9D9AB5}
		{AF4833CF-4EB4-4EF0-A08F-AFE934003B07} = {EDD16AA7-79C3-4ED0-9C44-F6752A0178F9}
		{839ED373-4FF2-4CE6-86EF-2B7EEE63179C} = {6B6CD0B0-135D-4D31-8BFC-02B02C9D9AB5}
	EndGlobalSection
EndGlobal
