
Microsoft Visual Studio Solution File, Format Version 12.00
# Visual Studio 14
VisualStudioVersion = 14.0.25420.1
MinimumVisualStudioVersion = 10.0.40219.1
Project("{2150E333-8FDC-42A3-9474-1A3956D46DE8}") = "Solution Items", "Solution Items", "{06355497-E45D-4B37-B091-0CBE18F2FB9E}"
	ProjectSection(SolutionItems) = preProject
		.gitattributes = .gitattributes
		.gitignore = .gitignore
		.gitmodules = .gitmodules
		global.json = global.json
	EndProjectSection
EndProject
Project("{2150E333-8FDC-42A3-9474-1A3956D46DE8}") = "src", "src", "{6B6CD0B0-135D-4D31-8BFC-02B02C9D9AB5}"
EndProject
Project("{8BC9CEB8-8B4A-11D0-8D11-00A0C91BC942}") = "THNETII.WinApi.Sample.Native", "src\THNETII.WinApi.Sample.Native\THNETII.WinApi.Sample.Native.vcxproj", "{5A24339F-7CF0-4E33-A823-15C7B96BC50A}"
EndProject
Project("{8BB2217D-0F2D-49D1-97BC-3654ED321F3B}") = "THNETII.WinApi.Native.ApplicationRecoveryRestart", "src\THNETII.WinApi.Native.ApplicationRecoveryRestart\THNETII.WinApi.Native.ApplicationRecoveryRestart.xproj", "{97B45BF5-3571-4BDC-8A49-EC27989D8982}"
EndProject
Project("{8BB2217D-0F2D-49D1-97BC-3654ED321F3B}") = "THNETII.WinApi.Native.DbgHelp", "src\THNETII.WinApi.Native.DbgHelp\THNETII.WinApi.Native.DbgHelp.xproj", "{EDA3A8B0-A1A4-4726-8851-D3B2D879E271}"
EndProject
Project("{8BB2217D-0F2D-49D1-97BC-3654ED321F3B}") = "THNETII.InteropServices.Bitfields", "thnetii-interopservices\src\THNETII.InteropServices.Bitfields\THNETII.InteropServices.Bitfields.xproj", "{69809461-DAA5-4016-890D-A34166ECCAF4}"
EndProject
Project("{8BB2217D-0F2D-49D1-97BC-3654ED321F3B}") = "THNETII.InteropServices.SafeHandles", "thnetii-interopservices\src\THNETII.InteropServices.SafeHandles\THNETII.InteropServices.SafeHandles.xproj", "{35ECCC19-6DC6-46DA-8D9F-9643DB55B5FC}"
EndProject
Project("{8BB2217D-0F2D-49D1-97BC-3654ED321F3B}") = "THNETII.InteropServices.NativeMemory", "thnetii-interopservices\src\THNETII.InteropServices.NativeMemory\THNETII.InteropServices.NativeMemory.xproj", "{964ABE01-811A-4292-94B6-815724BB0B82}"
EndProject
Project("{2150E333-8FDC-42A3-9474-1A3956D46DE8}") = "test", "test", "{EDD16AA7-79C3-4ED0-9C44-F6752A0178F9}"
EndProject
Project("{8BB2217D-0F2D-49D1-97BC-3654ED321F3B}") = "THNETII.InteropServices.Test", "thnetii-interopservices\test\THNETII.InteropServices.Test\THNETII.InteropServices.Test.xproj", "{AF4833CF-4EB4-4EF0-A08F-AFE934003B07}"
EndProject
Project("{8BB2217D-0F2D-49D1-97BC-3654ED321F3B}") = "THNETII.WindowsProtocols.MsErrRef", "src\THNETII.WindowsProtocols.MsErrRef\THNETII.WindowsProtocols.MsErrRef.xproj", "{57D86525-99E4-4C71-BEFE-B377C579674C}"
EndProject
Project("{8BB2217D-0F2D-49D1-97BC-3654ED321F3B}") = "THNETII.WindowsProtocols.MsDTyp", "src\THNETII.WindowsProtocols.MsDTyp\THNETII.WindowsProtocols.MsDTyp.xproj", "{C4F090C8-8163-4311-8DD7-83472D7E774F}"
EndProject
Project("{8BB2217D-0F2D-49D1-97BC-3654ED321F3B}") = "THNETII.WinApi.Native.Test", "test\THNETII.WinApi.Native.Test\THNETII.WinApi.Native.Test.xproj", "{59926E15-197C-4DC0-B02A-48315FB86414}"
EndProject
Project("{8BB2217D-0F2D-49D1-97BC-3654ED321F3B}") = "THNETII.WinApi.Native.ErrorHandling", "src\THNETII.WinApi.Native.ErrorHandling\THNETII.WinApi.Native.ErrorHandling.xproj", "{52253A96-6C34-4743-B15D-926B07EB6F46}"
EndProject
Project("{8BB2217D-0F2D-49D1-97BC-3654ED321F3B}") = "THNETII.WinApi.Native.Authorization", "src\THNETII.WinApi.Native.Authorization\THNETII.WinApi.Native.Authorization.xproj", "{5250E066-1391-468A-ABC5-71EC33C8E2F4}"
EndProject
Project("{8BB2217D-0F2D-49D1-97BC-3654ED321F3B}") = "THNETII.WinApi.Native.SecurityManagement", "src\THNETII.WinApi.Native.SecurityManagement\THNETII.WinApi.Native.SecurityManagement.xproj", "{DF265C97-FB7A-4AAF-A87C-A7CD4B23C52E}"
EndProject
Project("{8BB2217D-0F2D-49D1-97BC-3654ED321F3B}") = "THNETII.WinApi.Native.NetworkManagement", "src\THNETII.WinApi.Native.NetworkManagement\THNETII.WinApi.Native.NetworkManagement.xproj", "{3CBE5C09-6351-42FD-A30E-81813A1679EE}"
EndProject
Global
	GlobalSection(SolutionConfigurationPlatforms) = preSolution
		Debug|Any CPU = Debug|Any CPU
		Debug|x64 = Debug|x64
		Debug|x86 = Debug|x86
		Release|Any CPU = Release|Any CPU
		Release|x64 = Release|x64
		Release|x86 = Release|x86
	EndGlobalSection
	GlobalSection(ProjectConfigurationPlatforms) = postSolution
		{5A24339F-7CF0-4E33-A823-15C7B96BC50A}.Debug|Any CPU.ActiveCfg = Debug|Win32
		{5A24339F-7CF0-4E33-A823-15C7B96BC50A}.Debug|x64.ActiveCfg = Debug|x64
		{5A24339F-7CF0-4E33-A823-15C7B96BC50A}.Debug|x64.Build.0 = Debug|x64
		{5A24339F-7CF0-4E33-A823-15C7B96BC50A}.Debug|x86.ActiveCfg = Debug|Win32
		{5A24339F-7CF0-4E33-A823-15C7B96BC50A}.Debug|x86.Build.0 = Debug|Win32
		{5A24339F-7CF0-4E33-A823-15C7B96BC50A}.Release|Any CPU.ActiveCfg = Release|Win32
		{5A24339F-7CF0-4E33-A823-15C7B96BC50A}.Release|x64.ActiveCfg = Release|x64
		{5A24339F-7CF0-4E33-A823-15C7B96BC50A}.Release|x64.Build.0 = Release|x64
		{5A24339F-7CF0-4E33-A823-15C7B96BC50A}.Release|x86.ActiveCfg = Release|Win32
		{5A24339F-7CF0-4E33-A823-15C7B96BC50A}.Release|x86.Build.0 = Release|Win32
		{97B45BF5-3571-4BDC-8A49-EC27989D8982}.Debug|Any CPU.ActiveCfg = Debug|Any CPU
		{97B45BF5-3571-4BDC-8A49-EC27989D8982}.Debug|Any CPU.Build.0 = Debug|Any CPU
		{97B45BF5-3571-4BDC-8A49-EC27989D8982}.Debug|x64.ActiveCfg = Debug|Any CPU
		{97B45BF5-3571-4BDC-8A49-EC27989D8982}.Debug|x64.Build.0 = Debug|Any CPU
		{97B45BF5-3571-4BDC-8A49-EC27989D8982}.Debug|x86.ActiveCfg = Debug|Any CPU
		{97B45BF5-3571-4BDC-8A49-EC27989D8982}.Debug|x86.Build.0 = Debug|Any CPU
		{97B45BF5-3571-4BDC-8A49-EC27989D8982}.Release|Any CPU.ActiveCfg = Release|Any CPU
		{97B45BF5-3571-4BDC-8A49-EC27989D8982}.Release|Any CPU.Build.0 = Release|Any CPU
		{97B45BF5-3571-4BDC-8A49-EC27989D8982}.Release|x64.ActiveCfg = Release|Any CPU
		{97B45BF5-3571-4BDC-8A49-EC27989D8982}.Release|x64.Build.0 = Release|Any CPU
		{97B45BF5-3571-4BDC-8A49-EC27989D8982}.Release|x86.ActiveCfg = Release|Any CPU
		{97B45BF5-3571-4BDC-8A49-EC27989D8982}.Release|x86.Build.0 = Release|Any CPU
		{EDA3A8B0-A1A4-4726-8851-D3B2D879E271}.Debug|Any CPU.ActiveCfg = Debug|Any CPU
		{EDA3A8B0-A1A4-4726-8851-D3B2D879E271}.Debug|Any CPU.Build.0 = Debug|Any CPU
		{EDA3A8B0-A1A4-4726-8851-D3B2D879E271}.Debug|x64.ActiveCfg = Debug|Any CPU
		{EDA3A8B0-A1A4-4726-8851-D3B2D879E271}.Debug|x64.Build.0 = Debug|Any CPU
		{EDA3A8B0-A1A4-4726-8851-D3B2D879E271}.Debug|x86.ActiveCfg = Debug|Any CPU
		{EDA3A8B0-A1A4-4726-8851-D3B2D879E271}.Debug|x86.Build.0 = Debug|Any CPU
		{EDA3A8B0-A1A4-4726-8851-D3B2D879E271}.Release|Any CPU.ActiveCfg = Release|Any CPU
		{EDA3A8B0-A1A4-4726-8851-D3B2D879E271}.Release|Any CPU.Build.0 = Release|Any CPU
		{EDA3A8B0-A1A4-4726-8851-D3B2D879E271}.Release|x64.ActiveCfg = Release|Any CPU
		{EDA3A8B0-A1A4-4726-8851-D3B2D879E271}.Release|x64.Build.0 = Release|Any CPU
		{EDA3A8B0-A1A4-4726-8851-D3B2D879E271}.Release|x86.ActiveCfg = Release|Any CPU
		{EDA3A8B0-A1A4-4726-8851-D3B2D879E271}.Release|x86.Build.0 = Release|Any CPU
		{69809461-DAA5-4016-890D-A34166ECCAF4}.Debug|Any CPU.ActiveCfg = Debug|Any CPU
		{69809461-DAA5-4016-890D-A34166ECCAF4}.Debug|Any CPU.Build.0 = Debug|Any CPU
		{69809461-DAA5-4016-890D-A34166ECCAF4}.Debug|x64.ActiveCfg = Debug|Any CPU
		{69809461-DAA5-4016-890D-A34166ECCAF4}.Debug|x64.Build.0 = Debug|Any CPU
		{69809461-DAA5-4016-890D-A34166ECCAF4}.Debug|x86.ActiveCfg = Debug|Any CPU
		{69809461-DAA5-4016-890D-A34166ECCAF4}.Debug|x86.Build.0 = Debug|Any CPU
		{69809461-DAA5-4016-890D-A34166ECCAF4}.Release|Any CPU.ActiveCfg = Release|Any CPU
		{69809461-DAA5-4016-890D-A34166ECCAF4}.Release|Any CPU.Build.0 = Release|Any CPU
		{69809461-DAA5-4016-890D-A34166ECCAF4}.Release|x64.ActiveCfg = Release|Any CPU
		{69809461-DAA5-4016-890D-A34166ECCAF4}.Release|x64.Build.0 = Release|Any CPU
		{69809461-DAA5-4016-890D-A34166ECCAF4}.Release|x86.ActiveCfg = Release|Any CPU
		{69809461-DAA5-4016-890D-A34166ECCAF4}.Release|x86.Build.0 = Release|Any CPU
		{35ECCC19-6DC6-46DA-8D9F-9643DB55B5FC}.Debug|Any CPU.ActiveCfg = Debug|Any CPU
		{35ECCC19-6DC6-46DA-8D9F-9643DB55B5FC}.Debug|Any CPU.Build.0 = Debug|Any CPU
		{35ECCC19-6DC6-46DA-8D9F-9643DB55B5FC}.Debug|x64.ActiveCfg = Debug|Any CPU
		{35ECCC19-6DC6-46DA-8D9F-9643DB55B5FC}.Debug|x64.Build.0 = Debug|Any CPU
		{35ECCC19-6DC6-46DA-8D9F-9643DB55B5FC}.Debug|x86.ActiveCfg = Debug|Any CPU
		{35ECCC19-6DC6-46DA-8D9F-9643DB55B5FC}.Debug|x86.Build.0 = Debug|Any CPU
		{35ECCC19-6DC6-46DA-8D9F-9643DB55B5FC}.Release|Any CPU.ActiveCfg = Release|Any CPU
		{35ECCC19-6DC6-46DA-8D9F-9643DB55B5FC}.Release|Any CPU.Build.0 = Release|Any CPU
		{35ECCC19-6DC6-46DA-8D9F-9643DB55B5FC}.Release|x64.ActiveCfg = Release|Any CPU
		{35ECCC19-6DC6-46DA-8D9F-9643DB55B5FC}.Release|x64.Build.0 = Release|Any CPU
		{35ECCC19-6DC6-46DA-8D9F-9643DB55B5FC}.Release|x86.ActiveCfg = Release|Any CPU
		{35ECCC19-6DC6-46DA-8D9F-9643DB55B5FC}.Release|x86.Build.0 = Release|Any CPU
		{964ABE01-811A-4292-94B6-815724BB0B82}.Debug|Any CPU.ActiveCfg = Debug|Any CPU
		{964ABE01-811A-4292-94B6-815724BB0B82}.Debug|Any CPU.Build.0 = Debug|Any CPU
		{964ABE01-811A-4292-94B6-815724BB0B82}.Debug|x64.ActiveCfg = Debug|Any CPU
		{964ABE01-811A-4292-94B6-815724BB0B82}.Debug|x64.Build.0 = Debug|Any CPU
		{964ABE01-811A-4292-94B6-815724BB0B82}.Debug|x86.ActiveCfg = Debug|Any CPU
		{964ABE01-811A-4292-94B6-815724BB0B82}.Debug|x86.Build.0 = Debug|Any CPU
		{964ABE01-811A-4292-94B6-815724BB0B82}.Release|Any CPU.ActiveCfg = Release|Any CPU
		{964ABE01-811A-4292-94B6-815724BB0B82}.Release|Any CPU.Build.0 = Release|Any CPU
		{964ABE01-811A-4292-94B6-815724BB0B82}.Release|x64.ActiveCfg = Release|Any CPU
		{964ABE01-811A-4292-94B6-815724BB0B82}.Release|x64.Build.0 = Release|Any CPU
		{964ABE01-811A-4292-94B6-815724BB0B82}.Release|x86.ActiveCfg = Release|Any CPU
		{964ABE01-811A-4292-94B6-815724BB0B82}.Release|x86.Build.0 = Release|Any CPU
		{AF4833CF-4EB4-4EF0-A08F-AFE934003B07}.Debug|Any CPU.ActiveCfg = Debug|Any CPU
		{AF4833CF-4EB4-4EF0-A08F-AFE934003B07}.Debug|Any CPU.Build.0 = Debug|Any CPU
		{AF4833CF-4EB4-4EF0-A08F-AFE934003B07}.Debug|x64.ActiveCfg = Debug|Any CPU
		{AF4833CF-4EB4-4EF0-A08F-AFE934003B07}.Debug|x64.Build.0 = Debug|Any CPU
		{AF4833CF-4EB4-4EF0-A08F-AFE934003B07}.Debug|x86.ActiveCfg = Debug|Any CPU
		{AF4833CF-4EB4-4EF0-A08F-AFE934003B07}.Debug|x86.Build.0 = Debug|Any CPU
		{AF4833CF-4EB4-4EF0-A08F-AFE934003B07}.Release|Any CPU.ActiveCfg = Release|Any CPU
		{AF4833CF-4EB4-4EF0-A08F-AFE934003B07}.Release|Any CPU.Build.0 = Release|Any CPU
		{AF4833CF-4EB4-4EF0-A08F-AFE934003B07}.Release|x64.ActiveCfg = Release|Any CPU
		{AF4833CF-4EB4-4EF0-A08F-AFE934003B07}.Release|x64.Build.0 = Release|Any CPU
		{AF4833CF-4EB4-4EF0-A08F-AFE934003B07}.Release|x86.ActiveCfg = Release|Any CPU
		{AF4833CF-4EB4-4EF0-A08F-AFE934003B07}.Release|x86.Build.0 = Release|Any CPU
		{57D86525-99E4-4C71-BEFE-B377C579674C}.Debug|Any CPU.ActiveCfg = Debug|Any CPU
		{57D86525-99E4-4C71-BEFE-B377C579674C}.Debug|Any CPU.Build.0 = Debug|Any CPU
		{57D86525-99E4-4C71-BEFE-B377C579674C}.Debug|x64.ActiveCfg = Debug|Any CPU
		{57D86525-99E4-4C71-BEFE-B377C579674C}.Debug|x64.Build.0 = Debug|Any CPU
		{57D86525-99E4-4C71-BEFE-B377C579674C}.Debug|x86.ActiveCfg = Debug|Any CPU
		{57D86525-99E4-4C71-BEFE-B377C579674C}.Debug|x86.Build.0 = Debug|Any CPU
		{57D86525-99E4-4C71-BEFE-B377C579674C}.Release|Any CPU.ActiveCfg = Release|Any CPU
		{57D86525-99E4-4C71-BEFE-B377C579674C}.Release|Any CPU.Build.0 = Release|Any CPU
		{57D86525-99E4-4C71-BEFE-B377C579674C}.Release|x64.ActiveCfg = Release|Any CPU
		{57D86525-99E4-4C71-BEFE-B377C579674C}.Release|x64.Build.0 = Release|Any CPU
		{57D86525-99E4-4C71-BEFE-B377C579674C}.Release|x86.ActiveCfg = Release|Any CPU
		{57D86525-99E4-4C71-BEFE-B377C579674C}.Release|x86.Build.0 = Release|Any CPU
		{C4F090C8-8163-4311-8DD7-83472D7E774F}.Debug|Any CPU.ActiveCfg = Debug|Any CPU
		{C4F090C8-8163-4311-8DD7-83472D7E774F}.Debug|Any CPU.Build.0 = Debug|Any CPU
		{C4F090C8-8163-4311-8DD7-83472D7E774F}.Debug|x64.ActiveCfg = Debug|Any CPU
		{C4F090C8-8163-4311-8DD7-83472D7E774F}.Debug|x64.Build.0 = Debug|Any CPU
		{C4F090C8-8163-4311-8DD7-83472D7E774F}.Debug|x86.ActiveCfg = Debug|Any CPU
		{C4F090C8-8163-4311-8DD7-83472D7E774F}.Debug|x86.Build.0 = Debug|Any CPU
		{C4F090C8-8163-4311-8DD7-83472D7E774F}.Release|Any CPU.ActiveCfg = Release|Any CPU
		{C4F090C8-8163-4311-8DD7-83472D7E774F}.Release|Any CPU.Build.0 = Release|Any CPU
		{C4F090C8-8163-4311-8DD7-83472D7E774F}.Release|x64.ActiveCfg = Release|Any CPU
		{C4F090C8-8163-4311-8DD7-83472D7E774F}.Release|x64.Build.0 = Release|Any CPU
		{C4F090C8-8163-4311-8DD7-83472D7E774F}.Release|x86.ActiveCfg = Release|Any CPU
		{C4F090C8-8163-4311-8DD7-83472D7E774F}.Release|x86.Build.0 = Release|Any CPU
		{59926E15-197C-4DC0-B02A-48315FB86414}.Debug|Any CPU.ActiveCfg = Debug|Any CPU
		{59926E15-197C-4DC0-B02A-48315FB86414}.Debug|Any CPU.Build.0 = Debug|Any CPU
		{59926E15-197C-4DC0-B02A-48315FB86414}.Debug|x64.ActiveCfg = Debug|Any CPU
		{59926E15-197C-4DC0-B02A-48315FB86414}.Debug|x64.Build.0 = Debug|Any CPU
		{59926E15-197C-4DC0-B02A-48315FB86414}.Debug|x86.ActiveCfg = Debug|Any CPU
		{59926E15-197C-4DC0-B02A-48315FB86414}.Debug|x86.Build.0 = Debug|Any CPU
		{59926E15-197C-4DC0-B02A-48315FB86414}.Release|Any CPU.ActiveCfg = Release|Any CPU
		{59926E15-197C-4DC0-B02A-48315FB86414}.Release|Any CPU.Build.0 = Release|Any CPU
		{59926E15-197C-4DC0-B02A-48315FB86414}.Release|x64.ActiveCfg = Release|Any CPU
		{59926E15-197C-4DC0-B02A-48315FB86414}.Release|x64.Build.0 = Release|Any CPU
		{59926E15-197C-4DC0-B02A-48315FB86414}.Release|x86.ActiveCfg = Release|Any CPU
		{59926E15-197C-4DC0-B02A-48315FB86414}.Release|x86.Build.0 = Release|Any CPU
		{52253A96-6C34-4743-B15D-926B07EB6F46}.Debug|Any CPU.ActiveCfg = Debug|Any CPU
		{52253A96-6C34-4743-B15D-926B07EB6F46}.Debug|Any CPU.Build.0 = Debug|Any CPU
		{52253A96-6C34-4743-B15D-926B07EB6F46}.Debug|x64.ActiveCfg = Debug|Any CPU
		{52253A96-6C34-4743-B15D-926B07EB6F46}.Debug|x64.Build.0 = Debug|Any CPU
		{52253A96-6C34-4743-B15D-926B07EB6F46}.Debug|x86.ActiveCfg = Debug|Any CPU
		{52253A96-6C34-4743-B15D-926B07EB6F46}.Debug|x86.Build.0 = Debug|Any CPU
		{52253A96-6C34-4743-B15D-926B07EB6F46}.Release|Any CPU.ActiveCfg = Release|Any CPU
		{52253A96-6C34-4743-B15D-926B07EB6F46}.Release|Any CPU.Build.0 = Release|Any CPU
		{52253A96-6C34-4743-B15D-926B07EB6F46}.Release|x64.ActiveCfg = Release|Any CPU
		{52253A96-6C34-4743-B15D-926B07EB6F46}.Release|x64.Build.0 = Release|Any CPU
		{52253A96-6C34-4743-B15D-926B07EB6F46}.Release|x86.ActiveCfg = Release|Any CPU
		{52253A96-6C34-4743-B15D-926B07EB6F46}.Release|x86.Build.0 = Release|Any CPU
		{5250E066-1391-468A-ABC5-71EC33C8E2F4}.Debug|Any CPU.ActiveCfg = Debug|Any CPU
		{5250E066-1391-468A-ABC5-71EC33C8E2F4}.Debug|Any CPU.Build.0 = Debug|Any CPU
		{5250E066-1391-468A-ABC5-71EC33C8E2F4}.Debug|x64.ActiveCfg = Debug|Any CPU
		{5250E066-1391-468A-ABC5-71EC33C8E2F4}.Debug|x64.Build.0 = Debug|Any CPU
		{5250E066-1391-468A-ABC5-71EC33C8E2F4}.Debug|x86.ActiveCfg = Debug|Any CPU
		{5250E066-1391-468A-ABC5-71EC33C8E2F4}.Debug|x86.Build.0 = Debug|Any CPU
		{5250E066-1391-468A-ABC5-71EC33C8E2F4}.Release|Any CPU.ActiveCfg = Release|Any CPU
		{5250E066-1391-468A-ABC5-71EC33C8E2F4}.Release|Any CPU.Build.0 = Release|Any CPU
		{5250E066-1391-468A-ABC5-71EC33C8E2F4}.Release|x64.ActiveCfg = Release|Any CPU
		{5250E066-1391-468A-ABC5-71EC33C8E2F4}.Release|x64.Build.0 = Release|Any CPU
		{5250E066-1391-468A-ABC5-71EC33C8E2F4}.Release|x86.ActiveCfg = Release|Any CPU
		{5250E066-1391-468A-ABC5-71EC33C8E2F4}.Release|x86.Build.0 = Release|Any CPU
		{DF265C97-FB7A-4AAF-A87C-A7CD4B23C52E}.Debug|Any CPU.ActiveCfg = Debug|Any CPU
		{DF265C97-FB7A-4AAF-A87C-A7CD4B23C52E}.Debug|Any CPU.Build.0 = Debug|Any CPU
		{DF265C97-FB7A-4AAF-A87C-A7CD4B23C52E}.Debug|x64.ActiveCfg = Debug|Any CPU
		{DF265C97-FB7A-4AAF-A87C-A7CD4B23C52E}.Debug|x64.Build.0 = Debug|Any CPU
		{DF265C97-FB7A-4AAF-A87C-A7CD4B23C52E}.Debug|x86.ActiveCfg = Debug|Any CPU
		{DF265C97-FB7A-4AAF-A87C-A7CD4B23C52E}.Debug|x86.Build.0 = Debug|Any CPU
		{DF265C97-FB7A-4AAF-A87C-A7CD4B23C52E}.Release|Any CPU.ActiveCfg = Release|Any CPU
		{DF265C97-FB7A-4AAF-A87C-A7CD4B23C52E}.Release|Any CPU.Build.0 = Release|Any CPU
		{DF265C97-FB7A-4AAF-A87C-A7CD4B23C52E}.Release|x64.ActiveCfg = Release|Any CPU
		{DF265C97-FB7A-4AAF-A87C-A7CD4B23C52E}.Release|x64.Build.0 = Release|Any CPU
		{DF265C97-FB7A-4AAF-A87C-A7CD4B23C52E}.Release|x86.ActiveCfg = Release|Any CPU
		{DF265C97-FB7A-4AAF-A87C-A7CD4B23C52E}.Release|x86.Build.0 = Release|Any CPU
		{3CBE5C09-6351-42FD-A30E-81813A1679EE}.Debug|Any CPU.ActiveCfg = Debug|Any CPU
		{3CBE5C09-6351-42FD-A30E-81813A1679EE}.Debug|Any CPU.Build.0 = Debug|Any CPU
		{3CBE5C09-6351-42FD-A30E-81813A1679EE}.Debug|x64.ActiveCfg = Debug|Any CPU
		{3CBE5C09-6351-42FD-A30E-81813A1679EE}.Debug|x64.Build.0 = Debug|Any CPU
		{3CBE5C09-6351-42FD-A30E-81813A1679EE}.Debug|x86.ActiveCfg = Debug|Any CPU
		{3CBE5C09-6351-42FD-A30E-81813A1679EE}.Debug|x86.Build.0 = Debug|Any CPU
		{3CBE5C09-6351-42FD-A30E-81813A1679EE}.Release|Any CPU.ActiveCfg = Release|Any CPU
		{3CBE5C09-6351-42FD-A30E-81813A1679EE}.Release|Any CPU.Build.0 = Release|Any CPU
		{3CBE5C09-6351-42FD-A30E-81813A1679EE}.Release|x64.ActiveCfg = Release|Any CPU
		{3CBE5C09-6351-42FD-A30E-81813A1679EE}.Release|x64.Build.0 = Release|Any CPU
		{3CBE5C09-6351-42FD-A30E-81813A1679EE}.Release|x86.ActiveCfg = Release|Any CPU
		{3CBE5C09-6351-42FD-A30E-81813A1679EE}.Release|x86.Build.0 = Release|Any CPU
	EndGlobalSection
	GlobalSection(SolutionProperties) = preSolution
		HideSolutionNode = FALSE
	EndGlobalSection
	GlobalSection(NestedProjects) = preSolution
		{5A24339F-7CF0-4E33-A823-15C7B96BC50A} = {6B6CD0B0-135D-4D31-8BFC-02B02C9D9AB5}
		{97B45BF5-3571-4BDC-8A49-EC27989D8982} = {6B6CD0B0-135D-4D31-8BFC-02B02C9D9AB5}
		{EDA3A8B0-A1A4-4726-8851-D3B2D879E271} = {6B6CD0B0-135D-4D31-8BFC-02B02C9D9AB5}
		{69809461-DAA5-4016-890D-A34166ECCAF4} = {6B6CD0B0-135D-4D31-8BFC-02B02C9D9AB5}
		{35ECCC19-6DC6-46DA-8D9F-9643DB55B5FC} = {6B6CD0B0-135D-4D31-8BFC-02B02C9D9AB5}
		{964ABE01-811A-4292-94B6-815724BB0B82} = {6B6CD0B0-135D-4D31-8BFC-02B02C9D9AB5}
		{AF4833CF-4EB4-4EF0-A08F-AFE934003B07} = {EDD16AA7-79C3-4ED0-9C44-F6752A0178F9}
		{57D86525-99E4-4C71-BEFE-B377C579674C} = {6B6CD0B0-135D-4D31-8BFC-02B02C9D9AB5}
		{C4F090C8-8163-4311-8DD7-83472D7E774F} = {6B6CD0B0-135D-4D31-8BFC-02B02C9D9AB5}
		{59926E15-197C-4DC0-B02A-48315FB86414} = {EDD16AA7-79C3-4ED0-9C44-F6752A0178F9}
		{52253A96-6C34-4743-B15D-926B07EB6F46} = {6B6CD0B0-135D-4D31-8BFC-02B02C9D9AB5}
		{5250E066-1391-468A-ABC5-71EC33C8E2F4} = {6B6CD0B0-135D-4D31-8BFC-02B02C9D9AB5}
		{DF265C97-FB7A-4AAF-A87C-A7CD4B23C52E} = {6B6CD0B0-135D-4D31-8BFC-02B02C9D9AB5}
		{3CBE5C09-6351-42FD-A30E-81813A1679EE} = {6B6CD0B0-135D-4D31-8BFC-02B02C9D9AB5}
	EndGlobalSection
EndGlobal
